
Microsoft Visual Studio Solution File, Format Version 12.00
# Visual Studio 15
VisualStudioVersion = 15.0.27004.2010
MinimumVisualStudioVersion = 10.0.40219.1
Project("{9A19103F-16F7-4668-BE54-9A1E7A4F7556}") = "TpDotNetCore", "TpDotNetCore\TpDotNetCore.csproj", "{727BBA85-5997-475B-B1DF-BB4375E5A287}"
EndProject
Project("{9A19103F-16F7-4668-BE54-9A1E7A4F7556}") = "TpDotNetCore.Test", "TpDotNetCore.Test\TpDotNetCore.Test.csproj", "{F4D3DEF4-EB78-4176-B5A4-39AD21E69222}"
EndProject
Project("{E24C65DC-7377-472B-9ABA-BC803B73C61A}") = "TpIonic", "TpIonic\", "{FE50ACAB-E3F7-4528-ACFB-5DD61A396E56}"
	ProjectSection(WebsiteProperties) = preProject
		TargetFrameworkMoniker = ".NETFramework,Version%3Dv4.0"
		Debug.AspNetCompiler.VirtualPath = "/localhost_64012"
		Debug.AspNetCompiler.PhysicalPath = "TpIonic\"
		Debug.AspNetCompiler.TargetPath = "PrecompiledWeb\localhost_64012\"
		Debug.AspNetCompiler.Updateable = "true"
		Debug.AspNetCompiler.ForceOverwrite = "true"
		Debug.AspNetCompiler.FixedNames = "false"
		Debug.AspNetCompiler.Debug = "True"
		Release.AspNetCompiler.VirtualPath = "/localhost_64012"
		Release.AspNetCompiler.PhysicalPath = "TpIonic\"
		Release.AspNetCompiler.TargetPath = "PrecompiledWeb\localhost_64012\"
		Release.AspNetCompiler.Updateable = "true"
		Release.AspNetCompiler.ForceOverwrite = "true"
		Release.AspNetCompiler.FixedNames = "false"
		Release.AspNetCompiler.Debug = "False"
		VWDPort = "64012"
		SlnRelativePath = "TpIonic\"
	EndProjectSection
EndProject
Project("{E24C65DC-7377-472B-9ABA-BC803B73C61A}") = "TpMaterial", "TpMaterial\", "{A27CCFCC-D628-4731-A2E0-DD7D149F1D76}"
	ProjectSection(WebsiteProperties) = preProject
		TargetFrameworkMoniker = ".NETFramework,Version%3Dv2.0"
		Debug.AspNetCompiler.VirtualPath = "/localhost_50315"
		Debug.AspNetCompiler.PhysicalPath = "TpMaterial\"
		Debug.AspNetCompiler.TargetPath = "PrecompiledWeb\localhost_50315\"
		Debug.AspNetCompiler.Updateable = "true"
		Debug.AspNetCompiler.ForceOverwrite = "true"
		Debug.AspNetCompiler.FixedNames = "false"
		Debug.AspNetCompiler.Debug = "True"
		Release.AspNetCompiler.VirtualPath = "/localhost_50315"
		Release.AspNetCompiler.PhysicalPath = "TpMaterial\"
		Release.AspNetCompiler.TargetPath = "PrecompiledWeb\localhost_50315\"
		Release.AspNetCompiler.Updateable = "true"
		Release.AspNetCompiler.ForceOverwrite = "true"
		Release.AspNetCompiler.FixedNames = "false"
		Release.AspNetCompiler.Debug = "False"
		VWDPort = "50315"
		SlnRelativePath = "TpMaterial\"
	EndProjectSection
EndProject
Project("{9A19103F-16F7-4668-BE54-9A1E7A4F7556}") = "Common", "Common\Common.csproj", "{856EEA1A-2F74-4F2A-B7BB-60526A7E8E1B}"
EndProject
Global
	GlobalSection(SolutionConfigurationPlatforms) = preSolution
		Debug|Any CPU = Debug|Any CPU
		Release|Any CPU = Release|Any CPU
	EndGlobalSection
	GlobalSection(ProjectConfigurationPlatforms) = postSolution
		{727BBA85-5997-475B-B1DF-BB4375E5A287}.Debug|Any CPU.ActiveCfg = Debug|Any CPU
		{727BBA85-5997-475B-B1DF-BB4375E5A287}.Debug|Any CPU.Build.0 = Debug|Any CPU
		{727BBA85-5997-475B-B1DF-BB4375E5A287}.Release|Any CPU.ActiveCfg = Release|Any CPU
		{727BBA85-5997-475B-B1DF-BB4375E5A287}.Release|Any CPU.Build.0 = Release|Any CPU
		{F4D3DEF4-EB78-4176-B5A4-39AD21E69222}.Debug|Any CPU.ActiveCfg = Debug|Any CPU
		{F4D3DEF4-EB78-4176-B5A4-39AD21E69222}.Debug|Any CPU.Build.0 = Debug|Any CPU
		{F4D3DEF4-EB78-4176-B5A4-39AD21E69222}.Release|Any CPU.ActiveCfg = Release|Any CPU
		{F4D3DEF4-EB78-4176-B5A4-39AD21E69222}.Release|Any CPU.Build.0 = Release|Any CPU
		{FE50ACAB-E3F7-4528-ACFB-5DD61A396E56}.Debug|Any CPU.ActiveCfg = Debug|Any CPU
		{FE50ACAB-E3F7-4528-ACFB-5DD61A396E56}.Debug|Any CPU.Build.0 = Debug|Any CPU
		{FE50ACAB-E3F7-4528-ACFB-5DD61A396E56}.Release|Any CPU.ActiveCfg = Debug|Any CPU
		{FE50ACAB-E3F7-4528-ACFB-5DD61A396E56}.Release|Any CPU.Build.0 = Debug|Any CPU
		{A27CCFCC-D628-4731-A2E0-DD7D149F1D76}.Debug|Any CPU.ActiveCfg = Debug|Any CPU
		{A27CCFCC-D628-4731-A2E0-DD7D149F1D76}.Debug|Any CPU.Build.0 = Debug|Any CPU
		{A27CCFCC-D628-4731-A2E0-DD7D149F1D76}.Release|Any CPU.ActiveCfg = Debug|Any CPU
		{A27CCFCC-D628-4731-A2E0-DD7D149F1D76}.Release|Any CPU.Build.0 = Debug|Any CPU
		{856EEA1A-2F74-4F2A-B7BB-60526A7E8E1B}.Debug|Any CPU.ActiveCfg = Debug|Any CPU
		{856EEA1A-2F74-4F2A-B7BB-60526A7E8E1B}.Debug|Any CPU.Build.0 = Debug|Any CPU
		{856EEA1A-2F74-4F2A-B7BB-60526A7E8E1B}.Release|Any CPU.ActiveCfg = Release|Any CPU
		{856EEA1A-2F74-4F2A-B7BB-60526A7E8E1B}.Release|Any CPU.Build.0 = Release|Any CPU
	EndGlobalSection
	GlobalSection(SolutionProperties) = preSolution
		HideSolutionNode = FALSE
	EndGlobalSection
	GlobalSection(ExtensibilityGlobals) = postSolution
		SolutionGuid = {26347332-7AFE-404F-A9D7-0E3317045098}
	EndGlobalSection
EndGlobal
